// !$*UTF8*$!
{
	archiveVersion = 1;
	classes = {
	};
	objectVersion = 77;
	objects = {

/* Begin PBXBuildFile section */
		FDE4E4C82DE061C80013FFF2 /* .gitignore in Resources */ = {isa = PBXBuildFile; fileRef = FDE4E4C72DE061BF0013FFF2 /* .gitignore */; };
/* End PBXBuildFile section */

/* Begin PBXContainerItemProxy section */
		FDE4E4152DDDBF730013FFF2 /* PBXContainerItemProxy */ = {
			isa = PBXContainerItemProxy;
			containerPortal = FDE4E3FA2DDDBF710013FFF2 /* Project object */;
			proxyType = 1;
			remoteGlobalIDString = FDE4E4012DDDBF710013FFF2;
			remoteInfo = CoreDataExercise;
		};
		FDE4E41F2DDDBF730013FFF2 /* PBXContainerItemProxy */ = {
			isa = PBXContainerItemProxy;
			containerPortal = FDE4E3FA2DDDBF710013FFF2 /* Project object */;
			proxyType = 1;
			remoteGlobalIDString = FDE4E4012DDDBF710013FFF2;
			remoteInfo = CoreDataExercise;
		};
/* End PBXContainerItemProxy section */

/* Begin PBXFileReference section */
		FDE4E4022DDDBF710013FFF2 /* CoreDataExercise.app */ = {isa = PBXFileReference; explicitFileType = wrapper.application; includeInIndex = 0; path = CoreDataExercise.app; sourceTree = BUILT_PRODUCTS_DIR; };
		FDE4E4142DDDBF730013FFF2 /* CoreDataExerciseTests.xctest */ = {isa = PBXFileReference; explicitFileType = wrapper.cfbundle; includeInIndex = 0; path = CoreDataExerciseTests.xctest; sourceTree = BUILT_PRODUCTS_DIR; };
		FDE4E41E2DDDBF730013FFF2 /* CoreDataExerciseUITests.xctest */ = {isa = PBXFileReference; explicitFileType = wrapper.cfbundle; includeInIndex = 0; path = CoreDataExerciseUITests.xctest; sourceTree = BUILT_PRODUCTS_DIR; };
		FDE4E4C72DE061BF0013FFF2 /* .gitignore */ = {isa = PBXFileReference; lastKnownFileType = text; path = .gitignore; sourceTree = "<group>"; };
/* End PBXFileReference section */

/* Begin PBXFileSystemSynchronizedRootGroup section */
		FDE4E4172DDDBF730013FFF2 /* CoreDataExerciseTests */ = {
			isa = PBXFileSystemSynchronizedRootGroup;
			path = CoreDataExerciseTests;
			sourceTree = "<group>";
		};
		FDE4E4212DDDBF730013FFF2 /* CoreDataExerciseUITests */ = {
			isa = PBXFileSystemSynchronizedRootGroup;
			path = CoreDataExerciseUITests;
			sourceTree = "<group>";
		};
		FDE4E4752DDDFC290013FFF2 /* CoreDataExercise */ = {
			isa = PBXFileSystemSynchronizedRootGroup;
			path = CoreDataExercise;
			sourceTree = "<group>";
		};
		FDE4E4BF2DE060D80013FFF2 /* .github */ = {
			isa = PBXFileSystemSynchronizedRootGroup;
			path = .github;
			sourceTree = "<group>";
		};
/* End PBXFileSystemSynchronizedRootGroup section */

/* Begin PBXFrameworksBuildPhase section */
		FDE4E3FF2DDDBF710013FFF2 /* Frameworks */ = {
			isa = PBXFrameworksBuildPhase;
			buildActionMask = 2147483647;
			files = (
			);
			runOnlyForDeploymentPostprocessing = 0;
		};
		FDE4E4112DDDBF730013FFF2 /* Frameworks */ = {
			isa = PBXFrameworksBuildPhase;
			buildActionMask = 2147483647;
			files = (
			);
			runOnlyForDeploymentPostprocessing = 0;
		};
		FDE4E41B2DDDBF730013FFF2 /* Frameworks */ = {
			isa = PBXFrameworksBuildPhase;
			buildActionMask = 2147483647;
			files = (
			);
			runOnlyForDeploymentPostprocessing = 0;
		};
/* End PBXFrameworksBuildPhase section */

/* Begin PBXGroup section */
		FDE4E3F92DDDBF710013FFF2 = {
			isa = PBXGroup;
			children = (
				FDE4E4C72DE061BF0013FFF2 /* .gitignore */,
				FDE4E4BF2DE060D80013FFF2 /* .github */,
				FDE4E4752DDDFC290013FFF2 /* CoreDataExercise */,
				FDE4E4172DDDBF730013FFF2 /* CoreDataExerciseTests */,
				FDE4E4212DDDBF730013FFF2 /* CoreDataExerciseUITests */,
				FDE4E4032DDDBF710013FFF2 /* Products */,
			);
			sourceTree = "<group>";
		};
		FDE4E4032DDDBF710013FFF2 /* Products */ = {
			isa = PBXGroup;
			children = (
				FDE4E4022DDDBF710013FFF2 /* CoreDataExercise.app */,
				FDE4E4142DDDBF730013FFF2 /* CoreDataExerciseTests.xctest */,
				FDE4E41E2DDDBF730013FFF2 /* CoreDataExerciseUITests.xctest */,
			);
			name = Products;
			sourceTree = "<group>";
		};
/* End PBXGroup section */

/* Begin PBXNativeTarget section */
		FDE4E4012DDDBF710013FFF2 /* CoreDataExercise */ = {
			isa = PBXNativeTarget;
			buildConfigurationList = FDE4E4282DDDBF730013FFF2 /* Build configuration list for PBXNativeTarget "CoreDataExercise" */;
			buildPhases = (
				FDE4E3FE2DDDBF710013FFF2 /* Sources */,
				FDE4E3FF2DDDBF710013FFF2 /* Frameworks */,
				FDE4E4002DDDBF710013FFF2 /* Resources */,
			);
			buildRules = (
			);
			dependencies = (
			);
			fileSystemSynchronizedGroups = (
				FDE4E4752DDDFC290013FFF2 /* CoreDataExercise */,
				FDE4E4BF2DE060D80013FFF2 /* .github */,
			);
			name = CoreDataExercise;
			packageProductDependencies = (
			);
			productName = CoreDataExercise;
			productReference = FDE4E4022DDDBF710013FFF2 /* CoreDataExercise.app */;
			productType = "com.apple.product-type.application";
		};
		FDE4E4132DDDBF730013FFF2 /* CoreDataExerciseTests */ = {
			isa = PBXNativeTarget;
			buildConfigurationList = FDE4E42B2DDDBF730013FFF2 /* Build configuration list for PBXNativeTarget "CoreDataExerciseTests" */;
			buildPhases = (
				FDE4E4102DDDBF730013FFF2 /* Sources */,
				FDE4E4112DDDBF730013FFF2 /* Frameworks */,
				FDE4E4122DDDBF730013FFF2 /* Resources */,
			);
			buildRules = (
			);
			dependencies = (
				FDE4E4162DDDBF730013FFF2 /* PBXTargetDependency */,
			);
			fileSystemSynchronizedGroups = (
				FDE4E4172DDDBF730013FFF2 /* CoreDataExerciseTests */,
			);
			name = CoreDataExerciseTests;
			packageProductDependencies = (
			);
			productName = CoreDataExerciseTests;
			productReference = FDE4E4142DDDBF730013FFF2 /* CoreDataExerciseTests.xctest */;
			productType = "com.apple.product-type.bundle.unit-test";
		};
		FDE4E41D2DDDBF730013FFF2 /* CoreDataExerciseUITests */ = {
			isa = PBXNativeTarget;
			buildConfigurationList = FDE4E42E2DDDBF730013FFF2 /* Build configuration list for PBXNativeTarget "CoreDataExerciseUITests" */;
			buildPhases = (
				FDE4E41A2DDDBF730013FFF2 /* Sources */,
				FDE4E41B2DDDBF730013FFF2 /* Frameworks */,
				FDE4E41C2DDDBF730013FFF2 /* Resources */,
			);
			buildRules = (
			);
			dependencies = (
				FDE4E4202DDDBF730013FFF2 /* PBXTargetDependency */,
			);
			fileSystemSynchronizedGroups = (
				FDE4E4212DDDBF730013FFF2 /* CoreDataExerciseUITests */,
			);
			name = CoreDataExerciseUITests;
			packageProductDependencies = (
			);
			productName = CoreDataExerciseUITests;
			productReference = FDE4E41E2DDDBF730013FFF2 /* CoreDataExerciseUITests.xctest */;
			productType = "com.apple.product-type.bundle.ui-testing";
		};
/* End PBXNativeTarget section */

/* Begin PBXProject section */
		FDE4E3FA2DDDBF710013FFF2 /* Project object */ = {
			isa = PBXProject;
			attributes = {
				BuildIndependentTargetsInParallel = 1;
				LastSwiftUpdateCheck = 1630;
				LastUpgradeCheck = 1630;
				TargetAttributes = {
					FDE4E4012DDDBF710013FFF2 = {
						CreatedOnToolsVersion = 16.3;
					};
					FDE4E4132DDDBF730013FFF2 = {
						CreatedOnToolsVersion = 16.3;
						TestTargetID = FDE4E4012DDDBF710013FFF2;
					};
					FDE4E41D2DDDBF730013FFF2 = {
						CreatedOnToolsVersion = 16.3;
						TestTargetID = FDE4E4012DDDBF710013FFF2;
					};
				};
			};
			buildConfigurationList = FDE4E3FD2DDDBF710013FFF2 /* Build configuration list for PBXProject "CoreDataExercise" */;
			developmentRegion = en;
			hasScannedForEncodings = 0;
			knownRegions = (
				en,
				Base,
			);
			mainGroup = FDE4E3F92DDDBF710013FFF2;
			minimizedProjectReferenceProxies = 1;
			preferredProjectObjectVersion = 77;
			productRefGroup = FDE4E4032DDDBF710013FFF2 /* Products */;
			projectDirPath = "";
			projectRoot = "";
			targets = (
				FDE4E4012DDDBF710013FFF2 /* CoreDataExercise */,
				FDE4E4132DDDBF730013FFF2 /* CoreDataExerciseTests */,
				FDE4E41D2DDDBF730013FFF2 /* CoreDataExerciseUITests */,
			);
		};
/* End PBXProject section */

/* Begin PBXResourcesBuildPhase section */
		FDE4E4002DDDBF710013FFF2 /* Resources */ = {
			isa = PBXResourcesBuildPhase;
			buildActionMask = 2147483647;
			files = (
				FDE4E4C82DE061C80013FFF2 /* .gitignore in Resources */,
			);
			runOnlyForDeploymentPostprocessing = 0;
		};
		FDE4E4122DDDBF730013FFF2 /* Resources */ = {
			isa = PBXResourcesBuildPhase;
			buildActionMask = 2147483647;
			files = (
			);
			runOnlyForDeploymentPostprocessing = 0;
		};
		FDE4E41C2DDDBF730013FFF2 /* Resources */ = {
			isa = PBXResourcesBuildPhase;
			buildActionMask = 2147483647;
			files = (
			);
			runOnlyForDeploymentPostprocessing = 0;
		};
/* End PBXResourcesBuildPhase section */

/* Begin PBXSourcesBuildPhase section */
		FDE4E3FE2DDDBF710013FFF2 /* Sources */ = {
			isa = PBXSourcesBuildPhase;
			buildActionMask = 2147483647;
			files = (
			);
			runOnlyForDeploymentPostprocessing = 0;
		};
		FDE4E4102DDDBF730013FFF2 /* Sources */ = {
			isa = PBXSourcesBuildPhase;
			buildActionMask = 2147483647;
			files = (
			);
			runOnlyForDeploymentPostprocessing = 0;
		};
		FDE4E41A2DDDBF730013FFF2 /* Sources */ = {
			isa = PBXSourcesBuildPhase;
			buildActionMask = 2147483647;
			files = (
			);
			runOnlyForDeploymentPostprocessing = 0;
		};
/* End PBXSourcesBuildPhase section */

/* Begin PBXTargetDependency section */
		FDE4E4162DDDBF730013FFF2 /* PBXTargetDependency */ = {
			isa = PBXTargetDependency;
			target = FDE4E4012DDDBF710013FFF2 /* CoreDataExercise */;
			targetProxy = FDE4E4152DDDBF730013FFF2 /* PBXContainerItemProxy */;
		};
		FDE4E4202DDDBF730013FFF2 /* PBXTargetDependency */ = {
			isa = PBXTargetDependency;
			target = FDE4E4012DDDBF710013FFF2 /* CoreDataExercise */;
			targetProxy = FDE4E41F2DDDBF730013FFF2 /* PBXContainerItemProxy */;
		};
/* End PBXTargetDependency section */

/* Begin XCBuildConfiguration section */
		FDE4E4262DDDBF730013FFF2 /* Debug */ = {
			isa = XCBuildConfiguration;
			buildSettings = {
				ALWAYS_SEARCH_USER_PATHS = NO;
				ASSETCATALOG_COMPILER_GENERATE_SWIFT_ASSET_SYMBOL_EXTENSIONS = YES;
				CLANG_ANALYZER_NONNULL = YES;
				CLANG_ANALYZER_NUMBER_OBJECT_CONVERSION = YES_AGGRESSIVE;
				CLANG_CXX_LANGUAGE_STANDARD = "gnu++20";
				CLANG_ENABLE_MODULES = YES;
				CLANG_ENABLE_OBJC_ARC = YES;
				CLANG_ENABLE_OBJC_WEAK = YES;
				CLANG_WARN_BLOCK_CAPTURE_AUTORELEASING = YES;
				CLANG_WARN_BOOL_CONVERSION = YES;
				CLANG_WARN_COMMA = YES;
				CLANG_WARN_CONSTANT_CONVERSION = YES;
				CLANG_WARN_DEPRECATED_OBJC_IMPLEMENTATIONS = YES;
				CLANG_WARN_DIRECT_OBJC_ISA_USAGE = YES_ERROR;
				CLANG_WARN_DOCUMENTATION_COMMENTS = YES;
				CLANG_WARN_EMPTY_BODY = YES;
				CLANG_WARN_ENUM_CONVERSION = YES;
				CLANG_WARN_INFINITE_RECURSION = YES;
				CLANG_WARN_INT_CONVERSION = YES;
				CLANG_WARN_NON_LITERAL_NULL_CONVERSION = YES;
				CLANG_WARN_OBJC_IMPLICIT_RETAIN_SELF = YES;
				CLANG_WARN_OBJC_LITERAL_CONVERSION = YES;
				CLANG_WARN_OBJC_ROOT_CLASS = YES_ERROR;
				CLANG_WARN_QUOTED_INCLUDE_IN_FRAMEWORK_HEADER = YES;
				CLANG_WARN_RANGE_LOOP_ANALYSIS = YES;
				CLANG_WARN_STRICT_PROTOTYPES = YES;
				CLANG_WARN_SUSPICIOUS_MOVE = YES;
				CLANG_WARN_UNGUARDED_AVAILABILITY = YES_AGGRESSIVE;
				CLANG_WARN_UNREACHABLE_CODE = YES;
				CLANG_WARN__DUPLICATE_METHOD_MATCH = YES;
				COPY_PHASE_STRIP = NO;
				DEBUG_INFORMATION_FORMAT = dwarf;
				DEVELOPMENT_TEAM = SJ95J5WL4Y;
				ENABLE_STRICT_OBJC_MSGSEND = YES;
				ENABLE_TESTABILITY = YES;
				ENABLE_USER_SCRIPT_SANDBOXING = YES;
				GCC_C_LANGUAGE_STANDARD = gnu17;
				GCC_DYNAMIC_NO_PIC = NO;
				GCC_NO_COMMON_BLOCKS = YES;
				GCC_OPTIMIZATION_LEVEL = 0;
				GCC_PREPROCESSOR_DEFINITIONS = (
					"DEBUG=1",
					"$(inherited)",
				);
				GCC_WARN_64_TO_32_BIT_CONVERSION = YES;
				GCC_WARN_ABOUT_RETURN_TYPE = YES_ERROR;
				GCC_WARN_UNDECLARED_SELECTOR = YES;
				GCC_WARN_UNINITIALIZED_AUTOS = YES_AGGRESSIVE;
				GCC_WARN_UNUSED_FUNCTION = YES;
				GCC_WARN_UNUSED_VARIABLE = YES;
				IPHONEOS_DEPLOYMENT_TARGET = 18.4;
				LOCALIZATION_PREFERS_STRING_CATALOGS = YES;
				MTL_ENABLE_DEBUG_INFO = INCLUDE_SOURCE;
				MTL_FAST_MATH = YES;
				ONLY_ACTIVE_ARCH = YES;
				SDKROOT = iphoneos;
				SWIFT_ACTIVE_COMPILATION_CONDITIONS = "DEBUG $(inherited)";
				SWIFT_OPTIMIZATION_LEVEL = "-Onone";
			};
			name = Debug;
		};
		FDE4E4272DDDBF730013FFF2 /* Release */ = {
			isa = XCBuildConfiguration;
			buildSettings = {
				ALWAYS_SEARCH_USER_PATHS = NO;
				ASSETCATALOG_COMPILER_GENERATE_SWIFT_ASSET_SYMBOL_EXTENSIONS = YES;
				CLANG_ANALYZER_NONNULL = YES;
				CLANG_ANALYZER_NUMBER_OBJECT_CONVERSION = YES_AGGRESSIVE;
				CLANG_CXX_LANGUAGE_STANDARD = "gnu++20";
				CLANG_ENABLE_MODULES = YES;
				CLANG_ENABLE_OBJC_ARC = YES;
				CLANG_ENABLE_OBJC_WEAK = YES;
				CLANG_WARN_BLOCK_CAPTURE_AUTORELEASING = YES;
				CLANG_WARN_BOOL_CONVERSION = YES;
				CLANG_WARN_COMMA = YES;
				CLANG_WARN_CONSTANT_CONVERSION = YES;
				CLANG_WARN_DEPRECATED_OBJC_IMPLEMENTATIONS = YES;
				CLANG_WARN_DIRECT_OBJC_ISA_USAGE = YES_ERROR;
				CLANG_WARN_DOCUMENTATION_COMMENTS = YES;
				CLANG_WARN_EMPTY_BODY = YES;
				CLANG_WARN_ENUM_CONVERSION = YES;
				CLANG_WARN_INFINITE_RECURSION = YES;
				CLANG_WARN_INT_CONVERSION = YES;
				CLANG_WARN_NON_LITERAL_NULL_CONVERSION = YES;
				CLANG_WARN_OBJC_IMPLICIT_RETAIN_SELF = YES;
				CLANG_WARN_OBJC_LITERAL_CONVERSION = YES;
				CLANG_WARN_OBJC_ROOT_CLASS = YES_ERROR;
				CLANG_WARN_QUOTED_INCLUDE_IN_FRAMEWORK_HEADER = YES;
				CLANG_WARN_RANGE_LOOP_ANALYSIS = YES;
				CLANG_WARN_STRICT_PROTOTYPES = YES;
				CLANG_WARN_SUSPICIOUS_MOVE = YES;
				CLANG_WARN_UNGUARDED_AVAILABILITY = YES_AGGRESSIVE;
				CLANG_WARN_UNREACHABLE_CODE = YES;
				CLANG_WARN__DUPLICATE_METHOD_MATCH = YES;
				COPY_PHASE_STRIP = NO;
				DEBUG_INFORMATION_FORMAT = "dwarf-with-dsym";
				DEVELOPMENT_TEAM = SJ95J5WL4Y;
				ENABLE_NS_ASSERTIONS = NO;
				ENABLE_STRICT_OBJC_MSGSEND = YES;
				ENABLE_USER_SCRIPT_SANDBOXING = YES;
				GCC_C_LANGUAGE_STANDARD = gnu17;
				GCC_NO_COMMON_BLOCKS = YES;
				GCC_WARN_64_TO_32_BIT_CONVERSION = YES;
				GCC_WARN_ABOUT_RETURN_TYPE = YES_ERROR;
				GCC_WARN_UNDECLARED_SELECTOR = YES;
				GCC_WARN_UNINITIALIZED_AUTOS = YES_AGGRESSIVE;
				GCC_WARN_UNUSED_FUNCTION = YES;
				GCC_WARN_UNUSED_VARIABLE = YES;
				IPHONEOS_DEPLOYMENT_TARGET = 18.4;
				LOCALIZATION_PREFERS_STRING_CATALOGS = YES;
				MTL_ENABLE_DEBUG_INFO = NO;
				MTL_FAST_MATH = YES;
				SDKROOT = iphoneos;
				SWIFT_COMPILATION_MODE = wholemodule;
				VALIDATE_PRODUCT = YES;
			};
			name = Release;
		};
		FDE4E4292DDDBF730013FFF2 /* Debug */ = {
			isa = XCBuildConfiguration;
			buildSettings = {
				ASSETCATALOG_COMPILER_APPICON_NAME = AppIcon;
				ASSETCATALOG_COMPILER_GLOBAL_ACCENT_COLOR_NAME = AccentColor;
				CODE_SIGN_STYLE = Automatic;
				CURRENT_PROJECT_VERSION = 1;
				DEVELOPMENT_TEAM = SJ95J5WL4Y;
				ENABLE_PREVIEWS = YES;
				GENERATE_INFOPLIST_FILE = YES;
				INFOPLIST_KEY_UIApplicationSceneManifest_Generation = YES;
				INFOPLIST_KEY_UIApplicationSupportsIndirectInputEvents = YES;
				INFOPLIST_KEY_UILaunchScreen_Generation = YES;
				INFOPLIST_KEY_UISupportedInterfaceOrientations_iPad = "UIInterfaceOrientationPortrait UIInterfaceOrientationPortraitUpsideDown UIInterfaceOrientationLandscapeLeft UIInterfaceOrientationLandscapeRight";
				INFOPLIST_KEY_UISupportedInterfaceOrientations_iPhone = "UIInterfaceOrientationPortrait UIInterfaceOrientationLandscapeLeft UIInterfaceOrientationLandscapeRight";
				LD_RUNPATH_SEARCH_PATHS = (
					"$(inherited)",
					"@executable_path/Frameworks",
				);
				MARKETING_VERSION = 1.0;
				PRODUCT_BUNDLE_IDENTIFIER = com.aprz.CoreDataExercise;
				PRODUCT_NAME = "$(TARGET_NAME)";
				SWIFT_EMIT_LOC_STRINGS = YES;
				SWIFT_VERSION = 5.0;
				TARGETED_DEVICE_FAMILY = "1,2";
			};
			name = Debug;
		};
		FDE4E42A2DDDBF730013FFF2 /* Release */ = {
			isa = XCBuildConfiguration;
			buildSettings = {
				ASSETCATALOG_COMPILER_APPICON_NAME = AppIcon;
				ASSETCATALOG_COMPILER_GLOBAL_ACCENT_COLOR_NAME = AccentColor;
				CODE_SIGN_STYLE = Automatic;
				CURRENT_PROJECT_VERSION = 1;
				DEVELOPMENT_TEAM = SJ95J5WL4Y;
				ENABLE_PREVIEWS = YES;
				GENERATE_INFOPLIST_FILE = YES;
				INFOPLIST_KEY_UIApplicationSceneManifest_Generation = YES;
				INFOPLIST_KEY_UIApplicationSupportsIndirectInputEvents = YES;
				INFOPLIST_KEY_UILaunchScreen_Generation = YES;
				INFOPLIST_KEY_UISupportedInterfaceOrientations_iPad = "UIInterfaceOrientationPortrait UIInterfaceOrientationPortraitUpsideDown UIInterfaceOrientationLandscapeLeft UIInterfaceOrientationLandscapeRight";
				INFOPLIST_KEY_UISupportedInterfaceOrientations_iPhone = "UIInterfaceOrientationPortrait UIInterfaceOrientationLandscapeLeft UIInterfaceOrientationLandscapeRight";
				LD_RUNPATH_SEARCH_PATHS = (
					"$(inherited)",
					"@executable_path/Frameworks",
				);
				MARKETING_VERSION = 1.0;
				PRODUCT_BUNDLE_IDENTIFIER = com.aprz.CoreDataExercise;
				PRODUCT_NAME = "$(TARGET_NAME)";
				SWIFT_EMIT_LOC_STRINGS = YES;
				SWIFT_VERSION = 5.0;
				TARGETED_DEVICE_FAMILY = "1,2";
			};
			name = Release;
		};
		FDE4E42C2DDDBF730013FFF2 /* Debug */ = {
			isa = XCBuildConfiguration;
			buildSettings = {
				BUNDLE_LOADER = "$(TEST_HOST)";
				CODE_SIGN_STYLE = Automatic;
				CURRENT_PROJECT_VERSION = 1;
				DEVELOPMENT_TEAM = SJ95J5WL4Y;
				GENERATE_INFOPLIST_FILE = YES;
				IPHONEOS_DEPLOYMENT_TARGET = 18.4;
				MARKETING_VERSION = 1.0;
				PRODUCT_BUNDLE_IDENTIFIER = com.aprz.CoreDataExerciseTests;
				PRODUCT_NAME = "$(TARGET_NAME)";
				SWIFT_EMIT_LOC_STRINGS = NO;
				SWIFT_VERSION = 5.0;
				TARGETED_DEVICE_FAMILY = "1,2";
				TEST_HOST = "$(BUILT_PRODUCTS_DIR)/CoreDataExercise.app/$(BUNDLE_EXECUTABLE_FOLDER_PATH)/CoreDataExercise";
			};
			name = Debug;
		};
		FDE4E42D2DDDBF730013FFF2 /* Release */ = {
			isa = XCBuildConfiguration;
			buildSettings = {
				BUNDLE_LOADER = "$(TEST_HOST)";
				CODE_SIGN_STYLE = Automatic;
				CURRENT_PROJECT_VERSION = 1;
				DEVELOPMENT_TEAM = SJ95J5WL4Y;
				GENERATE_INFOPLIST_FILE = YES;
				IPHONEOS_DEPLOYMENT_TARGET = 18.4;
				MARKETING_VERSION = 1.0;
				PRODUCT_BUNDLE_IDENTIFIER = com.aprz.CoreDataExerciseTests;
				PRODUCT_NAME = "$(TARGET_NAME)";
				SWIFT_EMIT_LOC_STRINGS = NO;
				SWIFT_VERSION = 5.0;
				TARGETED_DEVICE_FAMILY = "1,2";
				TEST_HOST = "$(BUILT_PRODUCTS_DIR)/CoreDataExercise.app/$(BUNDLE_EXECUTABLE_FOLDER_PATH)/CoreDataExercise";
			};
			name = Release;
		};
		FDE4E42F2DDDBF730013FFF2 /* Debug */ = {
			isa = XCBuildConfiguration;
			buildSettings = {
				CODE_SIGN_STYLE = Automatic;
				CURRENT_PROJECT_VERSION = 1;
				DEVELOPMENT_TEAM = SJ95J5WL4Y;
				GENERATE_INFOPLIST_FILE = YES;
				MARKETING_VERSION = 1.0;
				PRODUCT_BUNDLE_IDENTIFIER = com.aprz.CoreDataExerciseUITests;
				PRODUCT_NAME = "$(TARGET_NAME)";
				SWIFT_EMIT_LOC_STRINGS = NO;
				SWIFT_VERSION = 5.0;
				TARGETED_DEVICE_FAMILY = "1,2";
				TEST_TARGET_NAME = CoreDataExercise;
			};
			name = Debug;
		};
		FDE4E4302DDDBF730013FFF2 /* Release */ = {
			isa = XCBuildConfiguration;
			buildSettings = {
				CODE_SIGN_STYLE = Automatic;
				CURRENT_PROJECT_VERSION = 1;
				DEVELOPMENT_TEAM = SJ95J5WL4Y;
				GENERATE_INFOPLIST_FILE = YES;
				MARKETING_VERSION = 1.0;
				PRODUCT_BUNDLE_IDENTIFIER = com.aprz.CoreDataExerciseUITests;
				PRODUCT_NAME = "$(TARGET_NAME)";
				SWIFT_EMIT_LOC_STRINGS = NO;
				SWIFT_VERSION = 5.0;
				TARGETED_DEVICE_FAMILY = "1,2";
				TEST_TARGET_NAME = CoreDataExercise;
			};
			name = Release;
		};
/* End XCBuildConfiguration section */

/* Begin XCConfigurationList section */
		FDE4E3FD2DDDBF710013FFF2 /* Build configuration list for PBXProject "CoreDataExercise" */ = {
			isa = XCConfigurationList;
			buildConfigurations = (
				FDE4E4262DDDBF730013FFF2 /* Debug */,
				FDE4E4272DDDBF730013FFF2 /* Release */,
			);
			defaultConfigurationIsVisible = 0;
			defaultConfigurationName = Release;
		};
		FDE4E4282DDDBF730013FFF2 /* Build configuration list for PBXNativeTarget "CoreDataExercise" */ = {
			isa = XCConfigurationList;
			buildConfigurations = (
				FDE4E4292DDDBF730013FFF2 /* Debug */,
				FDE4E42A2DDDBF730013FFF2 /* Release */,
			);
			defaultConfigurationIsVisible = 0;
			defaultConfigurationName = Release;
		};
		FDE4E42B2DDDBF730013FFF2 /* Build configuration list for PBXNativeTarget "CoreDataExerciseTests" */ = {
			isa = XCConfigurationList;
			buildConfigurations = (
				FDE4E42C2DDDBF730013FFF2 /* Debug */,
				FDE4E42D2DDDBF730013FFF2 /* Release */,
			);
			defaultConfigurationIsVisible = 0;
			defaultConfigurationName = Release;
		};
		FDE4E42E2DDDBF730013FFF2 /* Build configuration list for PBXNativeTarget "CoreDataExerciseUITests" */ = {
			isa = XCConfigurationList;
			buildConfigurations = (
				FDE4E42F2DDDBF730013FFF2 /* Debug */,
				FDE4E4302DDDBF730013FFF2 /* Release */,
			);
			defaultConfigurationIsVisible = 0;
			defaultConfigurationName = Release;
		};
/* End XCConfigurationList section */
	};
	rootObject = FDE4E3FA2DDDBF710013FFF2 /* Project object */;
}
